
Microsoft Visual Studio Solution File, Format Version 12.00
# Visual Studio Version 16
VisualStudioVersion = 16.0.30804.86
MinimumVisualStudioVersion = 10.0.40219.1
Project("{FAE04EC0-301F-11D3-BF4B-00C04F79EFBC}") = "11.17(a)", "11.17(a)\11.17(a).csproj", "{EA0FAE8C-118B-47AD-8980-CBB3747A207D}"
EndProject
Global
	GlobalSection(SolutionConfigurationPlatforms) = preSolution
		Debug|Any CPU = Debug|Any CPU
		Release|Any CPU = Release|Any CPU
	EndGlobalSection
	GlobalSection(ProjectConfigurationPlatforms) = postSolution
		{EA0FAE8C-118B-47AD-8980-CBB3747A207D}.Debug|Any CPU.ActiveCfg = Debug|Any CPU
		{EA0FAE8C-118B-47AD-8980-CBB3747A207D}.Debug|Any CPU.Build.0 = Debug|Any CPU
		{EA0FAE8C-118B-47AD-8980-CBB3747A207D}.Release|Any CPU.ActiveCfg = Release|Any CPU
		{EA0FAE8C-118B-47AD-8980-CBB3747A207D}.Release|Any CPU.Build.0 = Release|Any CPU
	EndGlobalSection
	GlobalSection(SolutionProperties) = preSolution
		HideSolutionNode = FALSE
	EndGlobalSection
	GlobalSection(ExtensibilityGlobals) = postSolution
		SolutionGuid = {7B1D860F-A5BB-4490-B662-3AF5FF834D3B}
	EndGlobalSection
EndGlobal
